// !$*UTF8*$!
{
	archiveVersion = 1;
	classes = {
	};
	objectVersion = 55;
	objects = {

/* Begin PBXBuildFile section */
		224F4E61F68A4F29A5DA73E9 /* Pods_Swift_Movies.framework in Frameworks */ = {isa = PBXBuildFile; fileRef = 6272792B25576C11AA7CD21C /* Pods_Swift_Movies.framework */; };
		B8404BCA276FE20D00375276 /* UITableView+Extensions.swift in Sources */ = {isa = PBXBuildFile; fileRef = B8404BC9276FE20D00375276 /* UITableView+Extensions.swift */; };
		B8755AB1276F9B42008E0CB4 /* UICollectionView+Extensions.swift in Sources */ = {isa = PBXBuildFile; fileRef = B8755AB0276F9B42008E0CB4 /* UICollectionView+Extensions.swift */; };
		B8755AB3276FA460008E0CB4 /* FavoritesListTableViewCell.swift in Sources */ = {isa = PBXBuildFile; fileRef = B8755AB2276FA460008E0CB4 /* FavoritesListTableViewCell.swift */; };
		B8755AB5276FB49B008E0CB4 /* RealmMovie.swift in Sources */ = {isa = PBXBuildFile; fileRef = B8755AB4276FB49B008E0CB4 /* RealmMovie.swift */; };
		B8813FCF276E0B6D00DDA895 /* TabBarViewController.swift in Sources */ = {isa = PBXBuildFile; fileRef = B8813FCE276E0B6D00DDA895 /* TabBarViewController.swift */; };
		B8813FD2276E0C6900DDA895 /* FavoritesListViewController.swift in Sources */ = {isa = PBXBuildFile; fileRef = B8813FD1276E0C6900DDA895 /* FavoritesListViewController.swift */; };
		B8813FD5276E0D1400DDA895 /* MovieDetailsViewController.swift in Sources */ = {isa = PBXBuildFile; fileRef = B8813FD4276E0D1400DDA895 /* MovieDetailsViewController.swift */; };
		B8813FD7276E2E0B00DDA895 /* UIImage+Extensions.swift in Sources */ = {isa = PBXBuildFile; fileRef = B8813FD6276E2E0B00DDA895 /* UIImage+Extensions.swift */; };
		B8813FD9276E2FDB00DDA895 /* UIImageView+Extensions.swift in Sources */ = {isa = PBXBuildFile; fileRef = B8813FD8276E2FDB00DDA895 /* UIImageView+Extensions.swift */; };
		B8813FDB276E326D00DDA895 /* StarRatingView.swift in Sources */ = {isa = PBXBuildFile; fileRef = B8813FDA276E326D00DDA895 /* StarRatingView.swift */; };
		B8813FDD276E50E700DDA895 /* UIView+Extensions.swift in Sources */ = {isa = PBXBuildFile; fileRef = B8813FDC276E50E700DDA895 /* UIView+Extensions.swift */; };
		B8C1DABB276C014200BA8C7B /* AppDelegate.swift in Sources */ = {isa = PBXBuildFile; fileRef = B8C1DABA276C014200BA8C7B /* AppDelegate.swift */; };
		B8C1DABD276C014200BA8C7B /* SceneDelegate.swift in Sources */ = {isa = PBXBuildFile; fileRef = B8C1DABC276C014200BA8C7B /* SceneDelegate.swift */; };
		B8C1DABF276C014300BA8C7B /* MovieListViewController.swift in Sources */ = {isa = PBXBuildFile; fileRef = B8C1DABE276C014300BA8C7B /* MovieListViewController.swift */; };
		B8C1DAC4276C014400BA8C7B /* Assets.xcassets in Resources */ = {isa = PBXBuildFile; fileRef = B8C1DAC3276C014400BA8C7B /* Assets.xcassets */; };
		B8C1DAC7276C014400BA8C7B /* LaunchScreen.storyboard in Resources */ = {isa = PBXBuildFile; fileRef = B8C1DAC5276C014400BA8C7B /* LaunchScreen.storyboard */; };
		B8F72115276CB23000FB9739 /* DataSource.swift in Sources */ = {isa = PBXBuildFile; fileRef = B8F72114276CB23000FB9739 /* DataSource.swift */; };
		B8F72117276CB26500FB9739 /* Errors.swift in Sources */ = {isa = PBXBuildFile; fileRef = B8F72116276CB26500FB9739 /* Errors.swift */; };
		B8F72119276CB27900FB9739 /* APIRouter.swift in Sources */ = {isa = PBXBuildFile; fileRef = B8F72118276CB27900FB9739 /* APIRouter.swift */; };
		B8F7211C276CB29B00FB9739 /* Constants.swift in Sources */ = {isa = PBXBuildFile; fileRef = B8F7211B276CB29B00FB9739 /* Constants.swift */; };
		B8F7211F276CB2BF00FB9739 /* URL+Extensions.swift in Sources */ = {isa = PBXBuildFile; fileRef = B8F7211E276CB2BF00FB9739 /* URL+Extensions.swift */; };
		B8F72121276CB2EB00FB9739 /* Movie.swift in Sources */ = {isa = PBXBuildFile; fileRef = B8F72120276CB2EB00FB9739 /* Movie.swift */; };
		B8F72124276CB59900FB9739 /* MovieListViewModel.swift in Sources */ = {isa = PBXBuildFile; fileRef = B8F72123276CB59900FB9739 /* MovieListViewModel.swift */; };
		B8F72127276CB5DF00FB9739 /* MovieProvider.swift in Sources */ = {isa = PBXBuildFile; fileRef = B8F72126276CB5DF00FB9739 /* MovieProvider.swift */; };
		B8F7212A276CC16300FB9739 /* MovieListCollectionCell.swift in Sources */ = {isa = PBXBuildFile; fileRef = B8F72129276CC16300FB9739 /* MovieListCollectionCell.swift */; };
		B8F7212D276CD69E00FB9739 /* FloatingIndicatorView.swift in Sources */ = {isa = PBXBuildFile; fileRef = B8F7212C276CD69E00FB9739 /* FloatingIndicatorView.swift */; };
		B8F7212F276CE89100FB9739 /* AutosearchTimer.swift in Sources */ = {isa = PBXBuildFile; fileRef = B8F7212E276CE89100FB9739 /* AutosearchTimer.swift */; };
/* End PBXBuildFile section */

/* Begin PBXFileReference section */
		2AB94A01331C8E9397F44443 /* Pods-Swift Movies.release.xcconfig */ = {isa = PBXFileReference; includeInIndex = 1; lastKnownFileType = text.xcconfig; name = "Pods-Swift Movies.release.xcconfig"; path = "Target Support Files/Pods-Swift Movies/Pods-Swift Movies.release.xcconfig"; sourceTree = "<group>"; };
		6272792B25576C11AA7CD21C /* Pods_Swift_Movies.framework */ = {isa = PBXFileReference; explicitFileType = wrapper.framework; includeInIndex = 0; path = Pods_Swift_Movies.framework; sourceTree = BUILT_PRODUCTS_DIR; };
		B8404BC9276FE20D00375276 /* UITableView+Extensions.swift */ = {isa = PBXFileReference; fileEncoding = 4; lastKnownFileType = sourcecode.swift; path = "UITableView+Extensions.swift"; sourceTree = "<group>"; };
		B8755AB0276F9B42008E0CB4 /* UICollectionView+Extensions.swift */ = {isa = PBXFileReference; lastKnownFileType = sourcecode.swift; path = "UICollectionView+Extensions.swift"; sourceTree = "<group>"; };
		B8755AB2276FA460008E0CB4 /* FavoritesListTableViewCell.swift */ = {isa = PBXFileReference; lastKnownFileType = sourcecode.swift; path = FavoritesListTableViewCell.swift; sourceTree = "<group>"; };
		B8755AB4276FB49B008E0CB4 /* RealmMovie.swift */ = {isa = PBXFileReference; lastKnownFileType = sourcecode.swift; path = RealmMovie.swift; sourceTree = "<group>"; };
		B8813FCE276E0B6D00DDA895 /* TabBarViewController.swift */ = {isa = PBXFileReference; lastKnownFileType = sourcecode.swift; path = TabBarViewController.swift; sourceTree = "<group>"; };
		B8813FD1276E0C6900DDA895 /* FavoritesListViewController.swift */ = {isa = PBXFileReference; lastKnownFileType = sourcecode.swift; path = FavoritesListViewController.swift; sourceTree = "<group>"; };
		B8813FD4276E0D1400DDA895 /* MovieDetailsViewController.swift */ = {isa = PBXFileReference; lastKnownFileType = sourcecode.swift; path = MovieDetailsViewController.swift; sourceTree = "<group>"; };
		B8813FD6276E2E0B00DDA895 /* UIImage+Extensions.swift */ = {isa = PBXFileReference; lastKnownFileType = sourcecode.swift; path = "UIImage+Extensions.swift"; sourceTree = "<group>"; };
		B8813FD8276E2FDB00DDA895 /* UIImageView+Extensions.swift */ = {isa = PBXFileReference; lastKnownFileType = sourcecode.swift; path = "UIImageView+Extensions.swift"; sourceTree = "<group>"; };
		B8813FDA276E326D00DDA895 /* StarRatingView.swift */ = {isa = PBXFileReference; lastKnownFileType = sourcecode.swift; path = StarRatingView.swift; sourceTree = "<group>"; };
		B8813FDC276E50E700DDA895 /* UIView+Extensions.swift */ = {isa = PBXFileReference; lastKnownFileType = sourcecode.swift; path = "UIView+Extensions.swift"; sourceTree = "<group>"; };
		B8C1DAB7276C014200BA8C7B /* Swift Movies.app */ = {isa = PBXFileReference; explicitFileType = wrapper.application; includeInIndex = 0; path = "Swift Movies.app"; sourceTree = BUILT_PRODUCTS_DIR; };
		B8C1DABA276C014200BA8C7B /* AppDelegate.swift */ = {isa = PBXFileReference; lastKnownFileType = sourcecode.swift; path = AppDelegate.swift; sourceTree = "<group>"; };
		B8C1DABC276C014200BA8C7B /* SceneDelegate.swift */ = {isa = PBXFileReference; lastKnownFileType = sourcecode.swift; path = SceneDelegate.swift; sourceTree = "<group>"; };
		B8C1DABE276C014300BA8C7B /* MovieListViewController.swift */ = {isa = PBXFileReference; lastKnownFileType = sourcecode.swift; path = MovieListViewController.swift; sourceTree = "<group>"; };
		B8C1DAC3276C014400BA8C7B /* Assets.xcassets */ = {isa = PBXFileReference; lastKnownFileType = folder.assetcatalog; path = Assets.xcassets; sourceTree = "<group>"; };
		B8C1DAC6276C014400BA8C7B /* Base */ = {isa = PBXFileReference; lastKnownFileType = file.storyboard; name = Base; path = Base.lproj/LaunchScreen.storyboard; sourceTree = "<group>"; };
		B8C1DAC8276C014400BA8C7B /* Info.plist */ = {isa = PBXFileReference; lastKnownFileType = text.plist.xml; path = Info.plist; sourceTree = "<group>"; };
		B8F72114276CB23000FB9739 /* DataSource.swift */ = {isa = PBXFileReference; lastKnownFileType = sourcecode.swift; path = DataSource.swift; sourceTree = "<group>"; };
		B8F72116276CB26500FB9739 /* Errors.swift */ = {isa = PBXFileReference; lastKnownFileType = sourcecode.swift; path = Errors.swift; sourceTree = "<group>"; };
		B8F72118276CB27900FB9739 /* APIRouter.swift */ = {isa = PBXFileReference; lastKnownFileType = sourcecode.swift; path = APIRouter.swift; sourceTree = "<group>"; };
		B8F7211B276CB29B00FB9739 /* Constants.swift */ = {isa = PBXFileReference; lastKnownFileType = sourcecode.swift; path = Constants.swift; sourceTree = "<group>"; };
		B8F7211E276CB2BF00FB9739 /* URL+Extensions.swift */ = {isa = PBXFileReference; lastKnownFileType = sourcecode.swift; path = "URL+Extensions.swift"; sourceTree = "<group>"; };
		B8F72120276CB2EB00FB9739 /* Movie.swift */ = {isa = PBXFileReference; lastKnownFileType = sourcecode.swift; path = Movie.swift; sourceTree = "<group>"; };
		B8F72123276CB59900FB9739 /* MovieListViewModel.swift */ = {isa = PBXFileReference; lastKnownFileType = sourcecode.swift; path = MovieListViewModel.swift; sourceTree = "<group>"; };
		B8F72126276CB5DF00FB9739 /* MovieProvider.swift */ = {isa = PBXFileReference; lastKnownFileType = sourcecode.swift; path = MovieProvider.swift; sourceTree = "<group>"; };
		B8F72129276CC16300FB9739 /* MovieListCollectionCell.swift */ = {isa = PBXFileReference; lastKnownFileType = sourcecode.swift; path = MovieListCollectionCell.swift; sourceTree = "<group>"; };
		B8F7212C276CD69E00FB9739 /* FloatingIndicatorView.swift */ = {isa = PBXFileReference; lastKnownFileType = sourcecode.swift; path = FloatingIndicatorView.swift; sourceTree = "<group>"; };
		B8F7212E276CE89100FB9739 /* AutosearchTimer.swift */ = {isa = PBXFileReference; lastKnownFileType = sourcecode.swift; path = AutosearchTimer.swift; sourceTree = "<group>"; };
		E32B23BF85A868E59CF5B96A /* Pods-Swift Movies.debug.xcconfig */ = {isa = PBXFileReference; includeInIndex = 1; lastKnownFileType = text.xcconfig; name = "Pods-Swift Movies.debug.xcconfig"; path = "Target Support Files/Pods-Swift Movies/Pods-Swift Movies.debug.xcconfig"; sourceTree = "<group>"; };
/* End PBXFileReference section */

/* Begin PBXFrameworksBuildPhase section */
		B8C1DAB4276C014200BA8C7B /* Frameworks */ = {
			isa = PBXFrameworksBuildPhase;
			buildActionMask = 2147483647;
			files = (
				224F4E61F68A4F29A5DA73E9 /* Pods_Swift_Movies.framework in Frameworks */,
			);
			runOnlyForDeploymentPostprocessing = 0;
		};
/* End PBXFrameworksBuildPhase section */

/* Begin PBXGroup section */
		6459B6D52E7D700B53A2031E /* Frameworks */ = {
			isa = PBXGroup;
			children = (
				6272792B25576C11AA7CD21C /* Pods_Swift_Movies.framework */,
			);
			name = Frameworks;
			sourceTree = "<group>";
		};
		89A218E57A58BB263A7F2296 /* Pods */ = {
			isa = PBXGroup;
			children = (
				E32B23BF85A868E59CF5B96A /* Pods-Swift Movies.debug.xcconfig */,
				2AB94A01331C8E9397F44443 /* Pods-Swift Movies.release.xcconfig */,
			);
			path = Pods;
			sourceTree = "<group>";
		};
		B8813FCD276E0B1800DDA895 /* MovieList */ = {
			isa = PBXGroup;
			children = (
				B8C1DABE276C014300BA8C7B /* MovieListViewController.swift */,
				B8F72123276CB59900FB9739 /* MovieListViewModel.swift */,
				B8F72129276CC16300FB9739 /* MovieListCollectionCell.swift */,
			);
			path = MovieList;
			sourceTree = "<group>";
		};
		B8813FD0276E0C4800DDA895 /* Favorites */ = {
			isa = PBXGroup;
			children = (
				B8813FD1276E0C6900DDA895 /* FavoritesListViewController.swift */,
				B8755AB2276FA460008E0CB4 /* FavoritesListTableViewCell.swift */,
			);
			path = Favorites;
			sourceTree = "<group>";
		};
		B8813FD3276E0CFA00DDA895 /* MovieDetails */ = {
			isa = PBXGroup;
			children = (
				B8813FD4276E0D1400DDA895 /* MovieDetailsViewController.swift */,
			);
			path = MovieDetails;
			sourceTree = "<group>";
		};
		B8C1DAAE276C014200BA8C7B = {
			isa = PBXGroup;
			children = (
				B8C1DAB9276C014200BA8C7B /* Swift Movies */,
				B8C1DAB8276C014200BA8C7B /* Products */,
				89A218E57A58BB263A7F2296 /* Pods */,
				6459B6D52E7D700B53A2031E /* Frameworks */,
			);
			sourceTree = "<group>";
		};
		B8C1DAB8276C014200BA8C7B /* Products */ = {
			isa = PBXGroup;
			children = (
				B8C1DAB7276C014200BA8C7B /* Swift Movies.app */,
			);
			name = Products;
			sourceTree = "<group>";
		};
		B8C1DAB9276C014200BA8C7B /* Swift Movies */ = {
			isa = PBXGroup;
			children = (
				B8F72122276CB2EF00FB9739 /* Models */,
				B8F72111276CB1FD00FB9739 /* Features */,
				B8F7211A276CB28F00FB9739 /* Utilities */,
				B8F72110276CB1E900FB9739 /* Supporting Files */,
			);
			path = "Swift Movies";
			sourceTree = "<group>";
		};
		B8F72110276CB1E900FB9739 /* Supporting Files */ = {
			isa = PBXGroup;
			children = (
				B8C1DABA276C014200BA8C7B /* AppDelegate.swift */,
				B8C1DABC276C014200BA8C7B /* SceneDelegate.swift */,
				B8C1DAC3276C014400BA8C7B /* Assets.xcassets */,
				B8C1DAC5276C014400BA8C7B /* LaunchScreen.storyboard */,
				B8C1DAC8276C014400BA8C7B /* Info.plist */,
			);
			path = "Supporting Files";
			sourceTree = "<group>";
		};
		B8F72111276CB1FD00FB9739 /* Features */ = {
			isa = PBXGroup;
			children = (
				B8F7212B276CD68D00FB9739 /* Components */,
				B8F72112276CB20500FB9739 /* Movies */,
			);
			path = Features;
			sourceTree = "<group>";
		};
		B8F72112276CB20500FB9739 /* Movies */ = {
			isa = PBXGroup;
			children = (
				B8813FCE276E0B6D00DDA895 /* TabBarViewController.swift */,
				B8813FCD276E0B1800DDA895 /* MovieList */,
				B8813FD3276E0CFA00DDA895 /* MovieDetails */,
				B8813FD0276E0C4800DDA895 /* Favorites */,
			);
			path = Movies;
			sourceTree = "<group>";
		};
		B8F72113276CB21300FB9739 /* Networking */ = {
			isa = PBXGroup;
			children = (
				B8F72114276CB23000FB9739 /* DataSource.swift */,
				B8F72116276CB26500FB9739 /* Errors.swift */,
				B8F72118276CB27900FB9739 /* APIRouter.swift */,
			);
			path = Networking;
			sourceTree = "<group>";
		};
		B8F7211A276CB28F00FB9739 /* Utilities */ = {
			isa = PBXGroup;
			children = (
				B8F7212E276CE89100FB9739 /* AutosearchTimer.swift */,
				B8F72125276CB5D600FB9739 /* Providers */,
				B8F72113276CB21300FB9739 /* Networking */,
				B8F7211D276CB2B200FB9739 /* Extensions */,
				B8F7211B276CB29B00FB9739 /* Constants.swift */,
			);
			path = Utilities;
			sourceTree = "<group>";
		};
		B8F7211D276CB2B200FB9739 /* Extensions */ = {
			isa = PBXGroup;
			children = (
				B8F7211E276CB2BF00FB9739 /* URL+Extensions.swift */,
				B8813FD6276E2E0B00DDA895 /* UIImage+Extensions.swift */,
				B8813FD8276E2FDB00DDA895 /* UIImageView+Extensions.swift */,
				B8813FDC276E50E700DDA895 /* UIView+Extensions.swift */,
				B8755AB0276F9B42008E0CB4 /* UICollectionView+Extensions.swift */,
				B8404BC9276FE20D00375276 /* UITableView+Extensions.swift */,
			);
			path = Extensions;
			sourceTree = "<group>";
		};
		B8F72122276CB2EF00FB9739 /* Models */ = {
			isa = PBXGroup;
			children = (
				B8F72120276CB2EB00FB9739 /* Movie.swift */,
				B8755AB4276FB49B008E0CB4 /* RealmMovie.swift */,
			);
			path = Models;
			sourceTree = "<group>";
		};
		B8F72125276CB5D600FB9739 /* Providers */ = {
			isa = PBXGroup;
			children = (
				B8F72126276CB5DF00FB9739 /* MovieProvider.swift */,
			);
			path = Providers;
			sourceTree = "<group>";
		};
		B8F7212B276CD68D00FB9739 /* Components */ = {
			isa = PBXGroup;
			children = (
				B8F7212C276CD69E00FB9739 /* FloatingIndicatorView.swift */,
				B8813FDA276E326D00DDA895 /* StarRatingView.swift */,
			);
			path = Components;
			sourceTree = "<group>";
		};
/* End PBXGroup section */

/* Begin PBXNativeTarget section */
		B8C1DAB6276C014200BA8C7B /* Swift Movies */ = {
			isa = PBXNativeTarget;
			buildConfigurationList = B8C1DACB276C014400BA8C7B /* Build configuration list for PBXNativeTarget "Swift Movies" */;
			buildPhases = (
				9C219CCADD9431304ADB9F04 /* [CP] Check Pods Manifest.lock */,
				B8C1DAB3276C014200BA8C7B /* Sources */,
				B8C1DAB4276C014200BA8C7B /* Frameworks */,
				B8C1DAB5276C014200BA8C7B /* Resources */,
			);
			buildRules = (
			);
			dependencies = (
			);
			name = "Swift Movies";
			productName = "Swift Movies";
			productReference = B8C1DAB7276C014200BA8C7B /* Swift Movies.app */;
			productType = "com.apple.product-type.application";
		};
/* End PBXNativeTarget section */

/* Begin PBXProject section */
		B8C1DAAF276C014200BA8C7B /* Project object */ = {
			isa = PBXProject;
			attributes = {
				BuildIndependentTargetsInParallel = 1;
				LastSwiftUpdateCheck = 1320;
				LastUpgradeCheck = 1320;
				TargetAttributes = {
					B8C1DAB6276C014200BA8C7B = {
						CreatedOnToolsVersion = 13.2;
					};
				};
			};
			buildConfigurationList = B8C1DAB2276C014200BA8C7B /* Build configuration list for PBXProject "Swift Movies" */;
			compatibilityVersion = "Xcode 13.0";
			developmentRegion = en;
			hasScannedForEncodings = 0;
			knownRegions = (
				en,
				Base,
			);
			mainGroup = B8C1DAAE276C014200BA8C7B;
			productRefGroup = B8C1DAB8276C014200BA8C7B /* Products */;
			projectDirPath = "";
			projectRoot = "";
			targets = (
				B8C1DAB6276C014200BA8C7B /* Swift Movies */,
			);
		};
/* End PBXProject section */

/* Begin PBXResourcesBuildPhase section */
		B8C1DAB5276C014200BA8C7B /* Resources */ = {
			isa = PBXResourcesBuildPhase;
			buildActionMask = 2147483647;
			files = (
				B8C1DAC7276C014400BA8C7B /* LaunchScreen.storyboard in Resources */,
				B8C1DAC4276C014400BA8C7B /* Assets.xcassets in Resources */,
			);
			runOnlyForDeploymentPostprocessing = 0;
		};
/* End PBXResourcesBuildPhase section */

/* Begin PBXShellScriptBuildPhase section */
		9C219CCADD9431304ADB9F04 /* [CP] Check Pods Manifest.lock */ = {
			isa = PBXShellScriptBuildPhase;
			buildActionMask = 2147483647;
			files = (
			);
			inputFileListPaths = (
			);
			inputPaths = (
				"${PODS_PODFILE_DIR_PATH}/Podfile.lock",
				"${PODS_ROOT}/Manifest.lock",
			);
			name = "[CP] Check Pods Manifest.lock";
			outputFileListPaths = (
			);
			outputPaths = (
				"$(DERIVED_FILE_DIR)/Pods-Swift Movies-checkManifestLockResult.txt",
			);
			runOnlyForDeploymentPostprocessing = 0;
			shellPath = /bin/sh;
			shellScript = "diff \"${PODS_PODFILE_DIR_PATH}/Podfile.lock\" \"${PODS_ROOT}/Manifest.lock\" > /dev/null\nif [ $? != 0 ] ; then\n    # print error to STDERR\n    echo \"error: The sandbox is not in sync with the Podfile.lock. Run 'pod install' or update your CocoaPods installation.\" >&2\n    exit 1\nfi\n# This output is used by Xcode 'outputs' to avoid re-running this script phase.\necho \"SUCCESS\" > \"${SCRIPT_OUTPUT_FILE_0}\"\n";
			showEnvVarsInLog = 0;
		};
/* End PBXShellScriptBuildPhase section */

/* Begin PBXSourcesBuildPhase section */
		B8C1DAB3276C014200BA8C7B /* Sources */ = {
			isa = PBXSourcesBuildPhase;
			buildActionMask = 2147483647;
			files = (
				B8813FDD276E50E700DDA895 /* UIView+Extensions.swift in Sources */,
				B8C1DABF276C014300BA8C7B /* MovieListViewController.swift in Sources */,
				B8F72119276CB27900FB9739 /* APIRouter.swift in Sources */,
				B8F72121276CB2EB00FB9739 /* Movie.swift in Sources */,
				B8755AB1276F9B42008E0CB4 /* UICollectionView+Extensions.swift in Sources */,
				B8F72117276CB26500FB9739 /* Errors.swift in Sources */,
				B8F7212A276CC16300FB9739 /* MovieListCollectionCell.swift in Sources */,
				B8813FD9276E2FDB00DDA895 /* UIImageView+Extensions.swift in Sources */,
				B8C1DABB276C014200BA8C7B /* AppDelegate.swift in Sources */,
				B8F7212F276CE89100FB9739 /* AutosearchTimer.swift in Sources */,
				B8F7211C276CB29B00FB9739 /* Constants.swift in Sources */,
				B8F7211F276CB2BF00FB9739 /* URL+Extensions.swift in Sources */,
				B8F7212D276CD69E00FB9739 /* FloatingIndicatorView.swift in Sources */,
				B8F72115276CB23000FB9739 /* DataSource.swift in Sources */,
				B8C1DABD276C014200BA8C7B /* SceneDelegate.swift in Sources */,
				B8755AB3276FA460008E0CB4 /* FavoritesListTableViewCell.swift in Sources */,
				B8813FDB276E326D00DDA895 /* StarRatingView.swift in Sources */,
				B8F72127276CB5DF00FB9739 /* MovieProvider.swift in Sources */,
				B8813FCF276E0B6D00DDA895 /* TabBarViewController.swift in Sources */,
				B8813FD2276E0C6900DDA895 /* FavoritesListViewController.swift in Sources */,
				B8404BCA276FE20D00375276 /* UITableView+Extensions.swift in Sources */,
				B8755AB5276FB49B008E0CB4 /* RealmMovie.swift in Sources */,
				B8813FD7276E2E0B00DDA895 /* UIImage+Extensions.swift in Sources */,
				B8F72124276CB59900FB9739 /* MovieListViewModel.swift in Sources */,
				B8813FD5276E0D1400DDA895 /* MovieDetailsViewController.swift in Sources */,
			);
			runOnlyForDeploymentPostprocessing = 0;
		};
/* End PBXSourcesBuildPhase section */

/* Begin PBXVariantGroup section */
		B8C1DAC5276C014400BA8C7B /* LaunchScreen.storyboard */ = {
			isa = PBXVariantGroup;
			children = (
				B8C1DAC6276C014400BA8C7B /* Base */,
			);
			name = LaunchScreen.storyboard;
			sourceTree = "<group>";
		};
/* End PBXVariantGroup section */

/* Begin XCBuildConfiguration section */
		B8C1DAC9276C014400BA8C7B /* Debug */ = {
			isa = XCBuildConfiguration;
			buildSettings = {
				ALWAYS_SEARCH_USER_PATHS = NO;
				CLANG_ANALYZER_NONNULL = YES;
				CLANG_ANALYZER_NUMBER_OBJECT_CONVERSION = YES_AGGRESSIVE;
				CLANG_CXX_LANGUAGE_STANDARD = "gnu++17";
				CLANG_CXX_LIBRARY = "libc++";
				CLANG_ENABLE_MODULES = YES;
				CLANG_ENABLE_OBJC_ARC = YES;
				CLANG_ENABLE_OBJC_WEAK = YES;
				CLANG_WARN_BLOCK_CAPTURE_AUTORELEASING = YES;
				CLANG_WARN_BOOL_CONVERSION = YES;
				CLANG_WARN_COMMA = YES;
				CLANG_WARN_CONSTANT_CONVERSION = YES;
				CLANG_WARN_DEPRECATED_OBJC_IMPLEMENTATIONS = YES;
				CLANG_WARN_DIRECT_OBJC_ISA_USAGE = YES_ERROR;
				CLANG_WARN_DOCUMENTATION_COMMENTS = YES;
				CLANG_WARN_EMPTY_BODY = YES;
				CLANG_WARN_ENUM_CONVERSION = YES;
				CLANG_WARN_INFINITE_RECURSION = YES;
				CLANG_WARN_INT_CONVERSION = YES;
				CLANG_WARN_NON_LITERAL_NULL_CONVERSION = YES;
				CLANG_WARN_OBJC_IMPLICIT_RETAIN_SELF = YES;
				CLANG_WARN_OBJC_LITERAL_CONVERSION = YES;
				CLANG_WARN_OBJC_ROOT_CLASS = YES_ERROR;
				CLANG_WARN_QUOTED_INCLUDE_IN_FRAMEWORK_HEADER = YES;
				CLANG_WARN_RANGE_LOOP_ANALYSIS = YES;
				CLANG_WARN_STRICT_PROTOTYPES = YES;
				CLANG_WARN_SUSPICIOUS_MOVE = YES;
				CLANG_WARN_UNGUARDED_AVAILABILITY = YES_AGGRESSIVE;
				CLANG_WARN_UNREACHABLE_CODE = YES;
				CLANG_WARN__DUPLICATE_METHOD_MATCH = YES;
				COPY_PHASE_STRIP = NO;
				DEBUG_INFORMATION_FORMAT = dwarf;
				ENABLE_STRICT_OBJC_MSGSEND = YES;
				ENABLE_TESTABILITY = YES;
				GCC_C_LANGUAGE_STANDARD = gnu11;
				GCC_DYNAMIC_NO_PIC = NO;
				GCC_NO_COMMON_BLOCKS = YES;
				GCC_OPTIMIZATION_LEVEL = 0;
				GCC_PREPROCESSOR_DEFINITIONS = (
					"DEBUG=1",
					"$(inherited)",
				);
				GCC_WARN_64_TO_32_BIT_CONVERSION = YES;
				GCC_WARN_ABOUT_RETURN_TYPE = YES_ERROR;
				GCC_WARN_UNDECLARED_SELECTOR = YES;
				GCC_WARN_UNINITIALIZED_AUTOS = YES_AGGRESSIVE;
				GCC_WARN_UNUSED_FUNCTION = YES;
				GCC_WARN_UNUSED_VARIABLE = YES;
				IPHONEOS_DEPLOYMENT_TARGET = 15.2;
				MTL_ENABLE_DEBUG_INFO = INCLUDE_SOURCE;
				MTL_FAST_MATH = YES;
				ONLY_ACTIVE_ARCH = YES;
				SDKROOT = iphoneos;
				SWIFT_ACTIVE_COMPILATION_CONDITIONS = DEBUG;
				SWIFT_OPTIMIZATION_LEVEL = "-Onone";
			};
			name = Debug;
		};
		B8C1DACA276C014400BA8C7B /* Release */ = {
			isa = XCBuildConfiguration;
			buildSettings = {
				ALWAYS_SEARCH_USER_PATHS = NO;
				CLANG_ANALYZER_NONNULL = YES;
				CLANG_ANALYZER_NUMBER_OBJECT_CONVERSION = YES_AGGRESSIVE;
				CLANG_CXX_LANGUAGE_STANDARD = "gnu++17";
				CLANG_CXX_LIBRARY = "libc++";
				CLANG_ENABLE_MODULES = YES;
				CLANG_ENABLE_OBJC_ARC = YES;
				CLANG_ENABLE_OBJC_WEAK = YES;
				CLANG_WARN_BLOCK_CAPTURE_AUTORELEASING = YES;
				CLANG_WARN_BOOL_CONVERSION = YES;
				CLANG_WARN_COMMA = YES;
				CLANG_WARN_CONSTANT_CONVERSION = YES;
				CLANG_WARN_DEPRECATED_OBJC_IMPLEMENTATIONS = YES;
				CLANG_WARN_DIRECT_OBJC_ISA_USAGE = YES_ERROR;
				CLANG_WARN_DOCUMENTATION_COMMENTS = YES;
				CLANG_WARN_EMPTY_BODY = YES;
				CLANG_WARN_ENUM_CONVERSION = YES;
				CLANG_WARN_INFINITE_RECURSION = YES;
				CLANG_WARN_INT_CONVERSION = YES;
				CLANG_WARN_NON_LITERAL_NULL_CONVERSION = YES;
				CLANG_WARN_OBJC_IMPLICIT_RETAIN_SELF = YES;
				CLANG_WARN_OBJC_LITERAL_CONVERSION = YES;
				CLANG_WARN_OBJC_ROOT_CLASS = YES_ERROR;
				CLANG_WARN_QUOTED_INCLUDE_IN_FRAMEWORK_HEADER = YES;
				CLANG_WARN_RANGE_LOOP_ANALYSIS = YES;
				CLANG_WARN_STRICT_PROTOTYPES = YES;
				CLANG_WARN_SUSPICIOUS_MOVE = YES;
				CLANG_WARN_UNGUARDED_AVAILABILITY = YES_AGGRESSIVE;
				CLANG_WARN_UNREACHABLE_CODE = YES;
				CLANG_WARN__DUPLICATE_METHOD_MATCH = YES;
				COPY_PHASE_STRIP = NO;
				DEBUG_INFORMATION_FORMAT = "dwarf-with-dsym";
				ENABLE_NS_ASSERTIONS = NO;
				ENABLE_STRICT_OBJC_MSGSEND = YES;
				GCC_C_LANGUAGE_STANDARD = gnu11;
				GCC_NO_COMMON_BLOCKS = YES;
				GCC_WARN_64_TO_32_BIT_CONVERSION = YES;
				GCC_WARN_ABOUT_RETURN_TYPE = YES_ERROR;
				GCC_WARN_UNDECLARED_SELECTOR = YES;
				GCC_WARN_UNINITIALIZED_AUTOS = YES_AGGRESSIVE;
				GCC_WARN_UNUSED_FUNCTION = YES;
				GCC_WARN_UNUSED_VARIABLE = YES;
				IPHONEOS_DEPLOYMENT_TARGET = 15.2;
				MTL_ENABLE_DEBUG_INFO = NO;
				MTL_FAST_MATH = YES;
				SDKROOT = iphoneos;
				SWIFT_COMPILATION_MODE = wholemodule;
				SWIFT_OPTIMIZATION_LEVEL = "-O";
				VALIDATE_PRODUCT = YES;
			};
			name = Release;
		};
		B8C1DACC276C014400BA8C7B /* Debug */ = {
			isa = XCBuildConfiguration;
			baseConfigurationReference = E32B23BF85A868E59CF5B96A /* Pods-Swift Movies.debug.xcconfig */;
			buildSettings = {
				ASSETCATALOG_COMPILER_APPICON_NAME = AppIcon;
				ASSETCATALOG_COMPILER_GLOBAL_ACCENT_COLOR_NAME = AccentColor;
				CODE_SIGN_STYLE = Automatic;
				CURRENT_PROJECT_VERSION = 1;
				DEVELOPMENT_TEAM = H5ZX6S5C2L;
				GENERATE_INFOPLIST_FILE = YES;
				INFOPLIST_FILE = "Swift Movies/Supporting Files/Info.plist";
				INFOPLIST_KEY_UIApplicationSupportsIndirectInputEvents = YES;
				INFOPLIST_KEY_UILaunchStoryboardName = LaunchScreen;
				INFOPLIST_KEY_UISupportedInterfaceOrientations = "UIInterfaceOrientationPortrait UIInterfaceOrientationPortraitUpsideDown";
				INFOPLIST_KEY_UISupportedInterfaceOrientations_iPad = "UIInterfaceOrientationPortrait UIInterfaceOrientationPortraitUpsideDown UIInterfaceOrientationLandscapeLeft UIInterfaceOrientationLandscapeRight";
				INFOPLIST_KEY_UISupportedInterfaceOrientations_iPhone = "UIInterfaceOrientationPortrait UIInterfaceOrientationLandscapeLeft UIInterfaceOrientationLandscapeRight";
				IPHONEOS_DEPLOYMENT_TARGET = 14.0;
				LD_RUNPATH_SEARCH_PATHS = (
					"$(inherited)",
					"@executable_path/Frameworks",
				);
				MARKETING_VERSION = 1.0;
				PRODUCT_BUNDLE_IDENTIFIER = "com.andrejlotski.Swift-Movies";
				PRODUCT_NAME = "$(TARGET_NAME)";
				SWIFT_EMIT_LOC_STRINGS = YES;
				SWIFT_VERSION = 5.0;
				TARGETED_DEVICE_FAMILY = "1,2";
			};
			name = Debug;
		};
		B8C1DACD276C014400BA8C7B /* Release */ = {
			isa = XCBuildConfiguration;
			baseConfigurationReference = 2AB94A01331C8E9397F44443 /* Pods-Swift Movies.release.xcconfig */;
			buildSettings = {
				ASSETCATALOG_COMPILER_APPICON_NAME = AppIcon;
				ASSETCATALOG_COMPILER_GLOBAL_ACCENT_COLOR_NAME = AccentColor;
				CODE_SIGN_STYLE = Automatic;
				CURRENT_PROJECT_VERSION = 1;
				DEVELOPMENT_TEAM = H5ZX6S5C2L;
				GENERATE_INFOPLIST_FILE = YES;
				INFOPLIST_FILE = "Swift Movies/Supporting Files/Info.plist";
				INFOPLIST_KEY_UIApplicationSupportsIndirectInputEvents = YES;
				INFOPLIST_KEY_UILaunchStoryboardName = LaunchScreen;
				INFOPLIST_KEY_UISupportedInterfaceOrientations = "UIInterfaceOrientationPortrait UIInterfaceOrientationPortraitUpsideDown";
				INFOPLIST_KEY_UISupportedInterfaceOrientations_iPad = "UIInterfaceOrientationPortrait UIInterfaceOrientationPortraitUpsideDown UIInterfaceOrientationLandscapeLeft UIInterfaceOrientationLandscapeRight";
				INFOPLIST_KEY_UISupportedInterfaceOrientations_iPhone = "UIInterfaceOrientationPortrait UIInterfaceOrientationLandscapeLeft UIInterfaceOrientationLandscapeRight";
				IPHONEOS_DEPLOYMENT_TARGET = 14.0;
				LD_RUNPATH_SEARCH_PATHS = (
					"$(inherited)",
					"@executable_path/Frameworks",
				);
				MARKETING_VERSION = 1.0;
				PRODUCT_BUNDLE_IDENTIFIER = "com.andrejlotski.Swift-Movies";
				PRODUCT_NAME = "$(TARGET_NAME)";
				SWIFT_EMIT_LOC_STRINGS = YES;
				SWIFT_VERSION = 5.0;
				TARGETED_DEVICE_FAMILY = "1,2";
			};
			name = Release;
		};
/* End XCBuildConfiguration section */

/* Begin XCConfigurationList section */
		B8C1DAB2276C014200BA8C7B /* Build configuration list for PBXProject "Swift Movies" */ = {
			isa = XCConfigurationList;
			buildConfigurations = (
				B8C1DAC9276C014400BA8C7B /* Debug */,
				B8C1DACA276C014400BA8C7B /* Release */,
			);
			defaultConfigurationIsVisible = 0;
			defaultConfigurationName = Release;
		};
		B8C1DACB276C014400BA8C7B /* Build configuration list for PBXNativeTarget "Swift Movies" */ = {
			isa = XCConfigurationList;
			buildConfigurations = (
				B8C1DACC276C014400BA8C7B /* Debug */,
				B8C1DACD276C014400BA8C7B /* Release */,
			);
			defaultConfigurationIsVisible = 0;
			defaultConfigurationName = Release;
		};
/* End XCConfigurationList section */
	};
	rootObject = B8C1DAAF276C014200BA8C7B /* Project object */;
}
